schema: '2.0'
stages:
  visualize_data:
    cmd: py src/data_visualization.py
    deps:
    - path: data/raw/bank-additional-full.csv
      hash: md5
      md5: f6cb2c1256ffe2836b36df321f46e92c
      size: 5834924
    outs:
    - path: docs/figures/
      hash: md5
      md5: 487be85633fefc17dbdcc41f85d1a755.dir
      size: 147260
      nfiles: 4
  test:
    cmd: pytest test/test_data_quality.py
    deps:
    - path: data/raw/bank-additional-full.csv
      hash: md5
      md5: f6cb2c1256ffe2836b36df321f46e92c
      size: 5834924
    - path: test/test_data_quality.py
      hash: md5
      md5: f6d0992a604f673231ac3aa0662be7b6
      size: 2193
  test_data_quality:
    cmd: pytest --html=docs/test_results/test_results.html --self-contained-html
      test/test_data_quality.py
    deps:
    - path: data/raw/bank-additional-full.csv
      hash: md5
      md5: f6cb2c1256ffe2836b36df321f46e92c
      size: 5834924
    - path: test/test_data_quality.py
      hash: md5
      md5: 587b84ef53d7fcf12b55e5458ad45bff
      size: 1957
    outs:
    - path: docs/test_results/test_results.html
      hash: md5
      md5: c0d3531a02d8ec76302986edc940b3ce
      size: 34377
  test_data_gx:
    cmd: pytest --html=docs/test_results/test_results-gx.html 
      --self-contained-html test/test_data_gx.py
    deps:
    - path: data/raw/bank-additional-full.csv
      hash: md5
      md5: f6cb2c1256ffe2836b36df321f46e92c
      size: 5834924
    - path: test/test_data_quality.py
      hash: md5
      md5: 587b84ef53d7fcf12b55e5458ad45bff
      size: 1957
    outs:
    - path: docs/test_results/test_results-gx.html
      hash: md5
      md5: 0bbc6721c0d820205cee298f67cdbe9f
      size: 33176
  preprocess_data:
    cmd: py src/data_preparation.py
    deps:
    - path: data/raw/bank-additional-full.csv
      hash: md5
      md5: f6cb2c1256ffe2836b36df321f46e92c
      size: 5834924
    - path: src/data_preparation.py
      hash: md5
      md5: c7eb8358d71d6c4122e72d068b971852
      size: 1153
    outs:
    - path: data/processed/bank-processed.csv
      hash: md5
      md5: 8be1a447fe2602de78a4994a9f15e880
      size: 4368118
  train_model:
    cmd: python src/train_model.py
    deps:
    - path: data/processed/bank-processed.csv
      hash: md5
      md5: 8be1a447fe2602de78a4994a9f15e880
      size: 4368118
    - path: src/train_model.py
      hash: md5
      md5: 99649145711cb4157709c6f90982dd97
      size: 9546
    outs:
    - path: metrics/metrics.json
      hash: md5
      md5: 7070ced462ef5221ba83e0693f2d4d6d
      size: 160
    - path: models/decision_tree_model.pkl
      hash: md5
      md5: 77579a525b8da02d1fb859d559be9d8b
      size: 218201
    - path: models/preprocessor.pkl
      hash: md5
      md5: bbbfee614c009bcdc5737b569e6a62a2
      size: 6496
  test_train_model:
    cmd: pytest --html=docs/test_results/test_results-train-model.html 
      --self-contained-html test/test_training.py
    deps:
    - path: data/processed/bank-processed.csv
      hash: md5
      md5: 8be1a447fe2602de78a4994a9f15e880
      size: 4368118
    - path: metrics/metrics.json
      hash: md5
      md5: 7070ced462ef5221ba83e0693f2d4d6d
      size: 160
    - path: test/test_training.py
      hash: md5
      md5: 162db7f19e5f2eda3b05e2696a220734
      size: 1421
    outs:
    - path: docs/test_results/test_results-train-model.html
      hash: md5
      md5: 28c849d88e927f38e8face857a8bf343
      size: 34109
